
Microsoft Visual Studio Solution File, Format Version 12.00
# Visual Studio Version 17
VisualStudioVersion = 17.6.33829.357
MinimumVisualStudioVersion = 10.0.40219.1
Project("{9A19103F-16F7-4668-BE54-9A1E7A4F7556}") = "DisableWeaponsPRG", "DisableWeaponsPRG.csproj", "{8DE4DD79-FC68-4E72-BE34-CB337527E056}"
EndProject
Global
	GlobalSection(SolutionConfigurationPlatforms) = preSolution
		Debug|Any CPU = Debug|Any CPU
		Release|Any CPU = Release|Any CPU
	EndGlobalSection
	GlobalSection(ProjectConfigurationPlatforms) = postSolution
		{8DE4DD79-FC68-4E72-BE34-CB337527E056}.Debug|Any CPU.ActiveCfg = Debug|Any CPU
		{8DE4DD79-FC68-4E72-BE34-CB337527E056}.Debug|Any CPU.Build.0 = Debug|Any CPU
		{8DE4DD79-FC68-4E72-BE34-CB337527E056}.Release|Any CPU.ActiveCfg = Release|Any CPU
		{8DE4DD79-FC68-4E72-BE34-CB337527E056}.Release|Any CPU.Build.0 = Release|Any CPU
	EndGlobalSection
	GlobalSection(SolutionProperties) = preSolution
		HideSolutionNode = FALSE
	EndGlobalSection
	GlobalSection(ExtensibilityGlobals) = postSolution
		SolutionGuid = {2B8021B2-6CE7-412F-A525-1F21486E20F1}
	EndGlobalSection
EndGlobal
